# This file is automatically @generated by Cargo.
# It is not intended for manual editing.
version = 4

[[package]]
name = "vetro-analysis"
version = "0.0.0"

[[package]]
name = "vetro-cli"
version = "0.0.0"
dependencies = [
 "vetro-analysis",
 "vetro-cpu",
 "vetro-diff",
]

[[package]]
name = "vetro-cpu"
version = "0.0.0"

[[package]]
name = "vetro-diff"
version = "0.0.0"
dependencies = [
 "vetro-cli",
 "vetro-cpu",
]

[[package]]
name = "vetro-isa-tests"
version = "0.0.0"
dependencies = [
 "vetro-diff",
]

[[package]]
name = "vetro-jit"
version = "0.0.0"

[[package]]
name = "vetro-linux-tests"
version = "0.0.0"
dependencies = [
 "vetro-cli",
 "vetro-diff",
]

[[package]]
name = "vetro-mmu"
version = "0.0.0"

[[package]]
name = "vetro-net"
version = "0.0.0"

[[package]]
name = "vetro-platform"
version = "0.0.0"

[[package]]
name = "vetro-snapshot"
version = "0.0.0"

[[package]]
name = "vetro-wasm"
version = "0.0.0"
